<?xml version="1.0" encoding="utf-8"?>
<Project ToolsVersion="4.0" xmlns="http://schemas.microsoft.com/developer/msbuild/2003">
  <ItemGroup>
    <Filter Include="リソース ファイル">
      <UniqueIdentifier>{67DA6AB6-F800-4c08-8B7A-83BB121AAD01}</UniqueIdentifier>
      <Extensions>rc;ico;cur;bmp;dlg;rc2;rct;bin;rgs;gif;jpg;jpeg;jpe;resx;tiff;tif;png;wav;mfcribbon-ms</Extensions>
    </Filter>
    <Filter Include="src">
      <UniqueIdentifier>{db7e9f66-5e1f-4e02-b4bf-127da6c69d18}</UniqueIdentifier>
    </Filter>
    <Filter Include="src\Application">
      <UniqueIdentifier>{2def86b3-0b06-4ceb-ad2e-e238a7570421}</UniqueIdentifier>
    </Filter>
    <Filter Include="src\Data">
      <UniqueIdentifier>{05393345-b664-4034-832b-fb12ee2174ca}</UniqueIdentifier>
    </Filter>
    <Filter Include="src\Utility">
      <UniqueIdentifier>{c578dfa3-5622-4a82-a4c8-17cc2528be80}</UniqueIdentifier>
    </Filter>
  </ItemGroup>
  <ItemGroup>
    <ClCompile Include="Main.cpp">
      <Filter>src</Filter>
    </ClCompile>
    <ClCompile Include="Application\Window.cpp">
      <Filter>src\Application</Filter>
    </ClCompile>
    <ClCompile Include="Utility\Logger.cpp">
      <Filter>src\Utility</Filter>
    </ClCompile>
  </ItemGroup>
  <ItemGroup>
    <ClInclude Include="Data\Config.h">
      <Filter>src\Data</Filter>
    </ClInclude>
    <ClInclude Include="Application\Window.h">
      <Filter>src\Application</Filter>
    </ClInclude>
    <ClInclude Include="Utility\Logger.h">
      <Filter>src\Utility</Filter>
    </ClInclude>
  </ItemGroup>
</Project>